<?xml version="1.0" encoding="utf-8"?>
<Project xmlns="http://schemas.microsoft.com/developer/msbuild/2003">
  <ItemGroup>
    <Filter Include="Form Files">
      <UniqueIdentifier>{99349809-55BA-4b9d-BF79-8FDBB0286EB3}</UniqueIdentifier>
      <Extensions>ui</Extensions>
      <ParseFiles>false</ParseFiles>
    </Filter>
    <Filter Include="Form Files">
      <UniqueIdentifier>{99349809-55BA-4b9d-BF79-8FDBB0286EB3}</UniqueIdentifier>
      <Extensions>ui</Extensions>
      <ParseFiles>false</ParseFiles>
    </Filter>
    <Filter Include="Generated Files">
      <UniqueIdentifier>{71ED8ED8-ACB9-4CE9-BBE1-E00B30144E11}</UniqueIdentifier>
      <Extensions>cpp;c;cxx;moc;h;def;odl;idl;res;</Extensions>
    </Filter>
    <Filter Include="Generated Files">
      <UniqueIdentifier>{71ED8ED8-ACB9-4CE9-BBE1-E00B30144E11}</UniqueIdentifier>
      <Extensions>cpp;c;cxx;moc;h;def;odl;idl;res;</Extensions>
    </Filter>
    <Filter Include="Header Files">
      <UniqueIdentifier>{93995380-89BD-4b04-88EB-625FBE52EBFB}</UniqueIdentifier>
      <Extensions>h;hpp;hxx;hm;inl;inc;xsd</Extensions>
    </Filter>
    <Filter Include="Header Files">
      <UniqueIdentifier>{93995380-89BD-4b04-88EB-625FBE52EBFB}</UniqueIdentifier>
      <Extensions>h;hpp;hxx;hm;inl;inc;xsd</Extensions>
    </Filter>
    <Filter Include="Resource Files">
      <UniqueIdentifier>{D9D6E242-F8AF-46E4-B9FD-80ECBC20BA3E}</UniqueIdentifier>
      <Extensions>qrc;*</Extensions>
      <ParseFiles>false</ParseFiles>
    </Filter>
    <Filter Include="Resource Files">
      <UniqueIdentifier>{D9D6E242-F8AF-46E4-B9FD-80ECBC20BA3E}</UniqueIdentifier>
      <Extensions>qrc;*</Extensions>
      <ParseFiles>false</ParseFiles>
    </Filter>
    <Filter Include="Source Files">
      <UniqueIdentifier>{4FC737F1-C7A5-4376-A066-2A32D752A2FF}</UniqueIdentifier>
      <Extensions>cpp;c;cxx;def;odl;idl;hpj;bat;asm;asmx</Extensions>
    </Filter>
    <Filter Include="Source Files">
      <UniqueIdentifier>{4FC737F1-C7A5-4376-A066-2A32D752A2FF}</UniqueIdentifier>
      <Extensions>cpp;c;cxx;def;odl;idl;hpj;bat;asm;asmx</Extensions>
    </Filter>
    <Filter Include="Translation Files">
      <UniqueIdentifier>{639EADAA-A684-42e4-A9AD-28FC9BCB8F7C}</UniqueIdentifier>
      <Extensions>ts;xlf</Extensions>
      <ParseFiles>false</ParseFiles>
    </Filter>
    <Filter Include="Translation Files">
      <UniqueIdentifier>{639EADAA-A684-42e4-A9AD-28FC9BCB8F7C}</UniqueIdentifier>
      <Extensions>ts;xlf</Extensions>
      <ParseFiles>false</ParseFiles>
    </Filter>
  </ItemGroup>
  <ItemGroup>
    <ClCompile Include="Algorithm.cpp">
      <Filter>Source Files</Filter>
    </ClCompile>
    <ClCompile Include="appconfig.cpp">
      <Filter>Source Files</Filter>
    </ClCompile>
    <ClCompile Include="bbandsindex.cpp">
      <Filter>Source Files</Filter>
    </ClCompile>
    <ClCompile Include="biasstatisticindex.cpp">
      <Filter>Source Files</Filter>
    </ClCompile>
    <ClCompile Include="biasstatisticindexcfg.cpp">
      <Filter>Source Files</Filter>
    </ClCompile>
    <ClCompile Include="F:\files\qtsample\cJSON-1.7.17\cJSON.c">
      <Filter>Source Files</Filter>
    </ClCompile>
    <ClCompile Include="cfgchart.cpp">
      <Filter>Source Files</Filter>
    </ClCompile>
    <ClCompile Include="chartcalcparamdlg.cpp">
      <Filter>Source Files</Filter>
    </ClCompile>
    <ClCompile Include="chartthemedlg.cpp">
      <Filter>Source Files</Filter>
    </ClCompile>
    <ClCompile Include="dataloader.cpp">
      <Filter>Source Files</Filter>
    </ClCompile>
    <ClCompile Include="daychartcfgdlg.cpp">
      <Filter>Source Files</Filter>
    </ClCompile>
    <ClCompile Include="daystockchartcfg.cpp">
      <Filter>Source Files</Filter>
    </ClCompile>
    <ClCompile Include="dmiindex.cpp">
      <Filter>Source Files</Filter>
    </ClCompile>
    <ClCompile Include="filterdata.cpp">
      <Filter>Source Files</Filter>
    </ClCompile>
    <ClCompile Include="filterstockbypercentdlg.cpp">
      <Filter>Source Files</Filter>
    </ClCompile>
    <ClCompile Include="kdjindex.cpp">
      <Filter>Source Files</Filter>
    </ClCompile>
    <ClCompile Include="kdjindexcfg.cpp">
      <Filter>Source Files</Filter>
    </ClCompile>
    <ClCompile Include="macdindex.cpp">
      <Filter>Source Files</Filter>
    </ClCompile>
    <ClCompile Include="main.cpp">
      <Filter>Source Files</Filter>
    </ClCompile>
    <ClCompile Include="mainwindowmdi.cpp">
      <Filter>Source Files</Filter>
    </ClCompile>
    <ClCompile Include="selectcomparedlg.cpp">
      <Filter>Source Files</Filter>
    </ClCompile>
    <ClCompile Include="F:\files\qtsample\sqlite3\sqlite3.c">
      <Filter>Source Files</Filter>
    </ClCompile>
    <ClCompile Include="stockbasedata.cpp">
      <Filter>Source Files</Filter>
    </ClCompile>
    <ClCompile Include="stockchartdraw.cpp">
      <Filter>Source Files</Filter>
    </ClCompile>
    <ClCompile Include="stockchartlabel.cpp">
      <Filter>Source Files</Filter>
    </ClCompile>
    <ClCompile Include="stockchartview.cpp">
      <Filter>Source Files</Filter>
    </ClCompile>
    <ClCompile Include="stockcurrinfo.cpp">
      <Filter>Source Files</Filter>
    </ClCompile>
    <ClCompile Include="stockday.cpp">
      <Filter>Source Files</Filter>
    </ClCompile>
    <ClCompile Include="stockdaychart.cpp">
      <Filter>Source Files</Filter>
    </ClCompile>
    <ClCompile Include="stockdayinfo.cpp">
      <Filter>Source Files</Filter>
    </ClCompile>
    <ClCompile Include="stockfilterdlg.cpp">
      <Filter>Source Files</Filter>
    </ClCompile>
    <ClCompile Include="stockinformation.cpp">
      <Filter>Source Files</Filter>
    </ClCompile>
    <ClCompile Include="stocklistitem.cpp">
      <Filter>Source Files</Filter>
    </ClCompile>
    <ClCompile Include="stockmacdcfg.cpp">
      <Filter>Source Files</Filter>
    </ClCompile>
    <ClCompile Include="stockpriceitem.cpp">
      <Filter>Source Files</Filter>
    </ClCompile>
    <ClCompile Include="stockrecorddb.cpp">
      <Filter>Source Files</Filter>
    </ClCompile>
    <ClCompile Include="stockrecorddlg.cpp">
      <Filter>Source Files</Filter>
    </ClCompile>
    <ClCompile Include="stockrecorditem.cpp">
      <Filter>Source Files</Filter>
    </ClCompile>
    <ClCompile Include="stockrecordlist.cpp">
      <Filter>Source Files</Filter>
    </ClCompile>
    <ClCompile Include="stockrecordlistdlg.cpp">
      <Filter>Source Files</Filter>
    </ClCompile>
    <ClCompile Include="tdxminutedata.cpp">
      <Filter>Source Files</Filter>
    </ClCompile>
    <ClCompile Include="todayminutecfgdlg.cpp">
      <Filter>Source Files</Filter>
    </ClCompile>
    <ClCompile Include="todayminutedataloadersohu.cpp">
      <Filter>Source Files</Filter>
    </ClCompile>
    <ClCompile Include="todayminutewnd.cpp">
      <Filter>Source Files</Filter>
    </ClCompile>
    <ClCompile Include="todaystock.cpp">
      <Filter>Source Files</Filter>
    </ClCompile>
    <ClCompile Include="usermainwnd.cpp">
      <Filter>Source Files</Filter>
    </ClCompile>
    <ClCompile Include="userobject.cpp">
      <Filter>Source Files</Filter>
    </ClCompile>
    <ClCompile Include="userstartwnd.cpp">
      <Filter>Source Files</Filter>
    </ClCompile>
    <ClCompile Include="userstockcomparewnd.cpp">
      <Filter>Source Files</Filter>
    </ClCompile>
    <ClCompile Include="userstockwnd.cpp">
      <Filter>Source Files</Filter>
    </ClCompile>
    <ClCompile Include="volumeindex.cpp">
      <Filter>Source Files</Filter>
    </ClCompile>
    <ClCompile Include="RecordListWidget.cpp">
      <Filter>Source Files</Filter>
    </ClCompile>
    <ClCompile Include="RecordWidget.cpp">
      <Filter>Source Files</Filter>
    </ClCompile>
  </ItemGroup>
  <ItemGroup>
    <ClInclude Include="Algorithm.h">
      <Filter>Header Files</Filter>
    </ClInclude>
    <ClInclude Include="StatisticIndex.h">
      <Filter>Header Files</Filter>
    </ClInclude>
    <QtMoc Include="appconfig.h">
      <Filter>Header Files</Filter>
    </QtMoc>
    <QtMoc Include="bbandsindex.h">
      <Filter>Header Files</Filter>
    </QtMoc>
    <QtMoc Include="biasstatisticindex.h">
      <Filter>Header Files</Filter>
    </QtMoc>
    <QtMoc Include="biasstatisticindexcfg.h">
      <Filter>Header Files</Filter>
    </QtMoc>
    <ClInclude Include="F:\files\qtsample\cJSON-1.7.17\cJSON.h">
      <Filter>Header Files</Filter>
    </ClInclude>
    <ClInclude Include="cfgchart.h">
      <Filter>Header Files</Filter>
    </ClInclude>
    <QtMoc Include="chartcalcparamdlg.h">
      <Filter>Header Files</Filter>
    </QtMoc>
    <QtMoc Include="chartthemedlg.h">
      <Filter>Header Files</Filter>
    </QtMoc>
    <QtMoc Include="dataloader.h">
      <Filter>Header Files</Filter>
    </QtMoc>
    <QtMoc Include="daychartcfgdlg.h">
      <Filter>Header Files</Filter>
    </QtMoc>
    <QtMoc Include="daystockchartcfg.h">
      <Filter>Header Files</Filter>
    </QtMoc>
    <QtMoc Include="dmiindex.h">
      <Filter>Header Files</Filter>
    </QtMoc>
    <ClInclude Include="filterdata.h">
      <Filter>Header Files</Filter>
    </ClInclude>
    <QtMoc Include="filterstockbypercentdlg.h">
      <Filter>Header Files</Filter>
    </QtMoc>
    <ClInclude Include="idataloader.h">
      <Filter>Header Files</Filter>
    </ClInclude>
    <QtMoc Include="kdjindexcfg.h">
      <Filter>Header Files</Filter>
    </QtMoc>
    <QtMoc Include="macdindex.h">
      <Filter>Header Files</Filter>
    </QtMoc>
    <QtMoc Include="mainwindowmdi.h">
      <Filter>Header Files</Filter>
    </QtMoc>
    <QtMoc Include="selectcomparedlg.h">
      <Filter>Header Files</Filter>
    </QtMoc>
    <ClInclude Include="F:\files\qtsample\sqlite3\sqlite3.h">
      <Filter>Header Files</Filter>
    </ClInclude>
    <QtMoc Include="stockbasedata.h">
      <Filter>Header Files</Filter>
    </QtMoc>
    <ClInclude Include="stockchartdraw.h">
      <Filter>Header Files</Filter>
    </ClInclude>
    <ClInclude Include="stockchartlabel.h">
      <Filter>Header Files</Filter>
    </ClInclude>
    <QtMoc Include="stockchartview.h">
      <Filter>Header Files</Filter>
    </QtMoc>
    <ClInclude Include="stockcurrinfo.h">
      <Filter>Header Files</Filter>
    </ClInclude>
    <ClInclude Include="stockday.h">
      <Filter>Header Files</Filter>
    </ClInclude>
    <QtMoc Include="stockdaychart.h">
      <Filter>Header Files</Filter>
    </QtMoc>
    <ClInclude Include="stockdaydata.h">
      <Filter>Header Files</Filter>
    </ClInclude>
    <ClInclude Include="stockdayinfo.h">
      <Filter>Header Files</Filter>
    </ClInclude>
    <QtMoc Include="stockfilterdlg.h">
      <Filter>Header Files</Filter>
    </QtMoc>
    <ClInclude Include="stockinformation.h">
      <Filter>Header Files</Filter>
    </ClInclude>
    <ClInclude Include="stocklistitem.h">
      <Filter>Header Files</Filter>
    </ClInclude>
    <QtMoc Include="stockmacdcfg.h">
      <Filter>Header Files</Filter>
    </QtMoc>
    <ClInclude Include="stockpriceitem.h">
      <Filter>Header Files</Filter>
    </ClInclude>
    <QtMoc Include="stockrecorddb.h">
      <Filter>Header Files</Filter>
    </QtMoc>
    <QtMoc Include="stockrecorddlg.h">
      <Filter>Header Files</Filter>
    </QtMoc>
    <ClInclude Include="stockrecorditem.h">
      <Filter>Header Files</Filter>
    </ClInclude>
    <QtMoc Include="stockrecordlist.h">
      <Filter>Header Files</Filter>
    </QtMoc>
    <QtMoc Include="stockrecordlistdlg.h">
      <Filter>Header Files</Filter>
    </QtMoc>
    <ClInclude Include="tdxminutedata.h">
      <Filter>Header Files</Filter>
    </ClInclude>
    <QtMoc Include="todayminutecfgdlg.h">
      <Filter>Header Files</Filter>
    </QtMoc>
    <QtMoc Include="todayminutedataloadersohu.h">
      <Filter>Header Files</Filter>
    </QtMoc>
    <QtMoc Include="todayminutewnd.h">
      <Filter>Header Files</Filter>
    </QtMoc>
    <ClInclude Include="todaystock.h">
      <Filter>Header Files</Filter>
    </ClInclude>
    <QtMoc Include="usermainwnd.h">
      <Filter>Header Files</Filter>
    </QtMoc>
    <QtMoc Include="userobject.h">
      <Filter>Header Files</Filter>
    </QtMoc>
    <QtMoc Include="userstartwnd.h">
      <Filter>Header Files</Filter>
    </QtMoc>
    <QtMoc Include="userstockcomparewnd.h">
      <Filter>Header Files</Filter>
    </QtMoc>
    <QtMoc Include="userstockwnd.h">
      <Filter>Header Files</Filter>
    </QtMoc>
    <QtMoc Include="volumeindex.h">
      <Filter>Header Files</Filter>
    </QtMoc>
    <ClInclude Include="kdjindex.h">
      <Filter>Header Files</Filter>
    </ClInclude>
  </ItemGroup>
  <ItemGroup>
    <CustomBuild Include="debug\moc_predefs.h.cbt">
      <Filter>Generated Files</Filter>
    </CustomBuild>
    <CustomBuild Include="release\moc_predefs.h.cbt">
      <Filter>Generated Files</Filter>
    </CustomBuild>
  </ItemGroup>
  <ItemGroup>
    <None Include="lang_cn.ts">
      <Filter>Translation Files</Filter>
    </None>
  </ItemGroup>
  <ItemGroup>
    <QtUic Include="chartcalcparamdlg.ui">
      <Filter>Form Files</Filter>
    </QtUic>
    <QtUic Include="chartthemedlg.ui">
      <Filter>Form Files</Filter>
    </QtUic>
    <QtUic Include="daychartcfgdlg.ui">
      <Filter>Form Files</Filter>
    </QtUic>
    <QtUic Include="filterstockbypercentdlg.ui">
      <Filter>Form Files</Filter>
    </QtUic>
    <QtUic Include="mainwindowmdi.ui">
      <Filter>Form Files</Filter>
    </QtUic>
    <QtUic Include="selectcomparedlg.ui">
      <Filter>Form Files</Filter>
    </QtUic>
    <QtUic Include="stockfilterdlg.ui">
      <Filter>Form Files</Filter>
    </QtUic>
    <QtUic Include="stockrecorddlg.ui">
      <Filter>Form Files</Filter>
    </QtUic>
    <QtUic Include="stockrecordlistdlg.ui">
      <Filter>Form Files</Filter>
    </QtUic>
    <QtUic Include="todayminutewndcfg.ui">
      <Filter>Form Files</Filter>
    </QtUic>
  </ItemGroup>
  <ItemGroup>
    <QtRcc Include="default.qrc">
      <Filter>Resource Files</Filter>
    </QtRcc>
  </ItemGroup>
  <ItemGroup>
    <QtMoc Include="RecordListWidget.h">
      <Filter>Header Files</Filter>
    </QtMoc>
    <QtMoc Include="RecordWidget.h">
      <Filter>Header Files</Filter>
    </QtMoc>
  </ItemGroup>
</Project>